<?xml version="1.0"?>
<CONFIG>
  <ProjectOptions>
    <Version Value="7"/>
    <General>
      <Flags>
        <MainUnitHasCreateFormStatements Value="False"/>
        <MainUnitHasTitleStatement Value="False"/>
        <LRSInOutputDirectory Value="False"/>
      </Flags>
      <MainUnit Value="0"/>
      <TargetFileExt Value=""/>
      <Title Value="plops"/>
      <Icon Value="0"/>
      <UseXPManifest Value="True"/>
      <ActiveEditorIndexAtStart Value="1"/>
    </General>
    <VersionInfo>
      <ProjectVersion Value=""/>
    </VersionInfo>
    <PublishOptions>
      <Version Value="2"/>
      <IgnoreBinaries Value="False"/>
      <IncludeFileFilter Value="*.(pas|pp|inc|lfm|lpr|lrs|lpi|lpk|sh|xml)"/>
      <ExcludeFileFilter Value="*.(bak|ppu|ppw|o|so);*~;backup"/>
    </PublishOptions>
    <RunParams>
      <local>
        <FormatVersion Value="1"/>
        <LaunchingApplication PathPlusParams="/usr/X11R6/bin/xterm -T 'Lazarus Run Output' -e $(LazarusDir)/tools/runwait.sh $(TargetCmdLine)"/>
      </local>
    </RunParams>
    <Units Count="6">
      <Unit0>
        <Filename Value="plops.pas"/>
        <IsPartOfProject Value="True"/>
        <UnitName Value="plops"/>
        <CursorPos X="8" Y="6"/>
        <TopLine Value="6"/>
        <EditorIndex Value="0"/>
        <UsageCount Value="94"/>
        <Loaded Value="True"/>
      </Unit0>
      <Unit1>
        <Filename Value="../src/bitmasks.pas"/>
        <IsPartOfProject Value="True"/>
        <UnitName Value="bitmasks"/>
        <UsageCount Value="94"/>
      </Unit1>
      <Unit2>
        <Filename Value="../src/eventloop.pas"/>
        <IsPartOfProject Value="True"/>
        <UnitName Value="eventloop"/>
        <UsageCount Value="94"/>
      </Unit2>
      <Unit3>
        <Filename Value="../src/Imlib.pp"/>
        <IsPartOfProject Value="True"/>
        <UnitName Value="Imlib"/>
        <UsageCount Value="94"/>
      </Unit3>
      <Unit4>
        <Filename Value="../src/Widgethandlers.pas"/>
        <IsPartOfProject Value="True"/>
        <UnitName Value="Widgethandlers"/>
        <CursorPos X="1" Y="470"/>
        <TopLine Value="458"/>
        <EditorIndex Value="1"/>
        <UsageCount Value="94"/>
        <Loaded Value="True"/>
      </Unit4>
      <Unit5>
        <Filename Value="../src/WidgetWindows.pas"/>
        <IsPartOfProject Value="True"/>
        <UnitName Value="WidgetWindows"/>
        <UsageCount Value="94"/>
      </Unit5>
    </Units>
    <JumpHistory Count="0" HistoryIndex="-1"/>
  </ProjectOptions>
  <CompilerOptions>
    <Version Value="8"/>
    <Target>
      <Filename Value="../plops"/>
    </Target>
    <SearchPaths>
      <OtherUnitFiles Value="../src/"/>
      <UnitOutputDirectory Value="../obj"/>
    </SearchPaths>
    <Other>
      <CompilerPath Value="$(CompPath)"/>
    </Other>
  </CompilerOptions>
  <Debugging>
    <Exceptions Count="1">
      <Item1>
        <Name Value="EListError"/>
      </Item1>
    </Exceptions>
  </Debugging>
</CONFIG>
